// !$*UTF8*$!
{
	archiveVersion = 1;
	classes = {
	};
	objectVersion = 50;
	objects = {

/* Begin PBXBuildFile section */
		7ADF6070ABE70291B7738218 /* Pods_Trimmer.framework in Frameworks */ = {isa = PBXBuildFile; fileRef = 90C0C44816D385A179BF5131 /* Pods_Trimmer.framework */; };
		A13E26CA21BF82D4008CFD33 /* AppDelegate.swift in Sources */ = {isa = PBXBuildFile; fileRef = A13E26C921BF82D4008CFD33 /* AppDelegate.swift */; };
		A13E26CC21BF82D4008CFD33 /* DemoViewController.swift in Sources */ = {isa = PBXBuildFile; fileRef = A13E26CB21BF82D4008CFD33 /* DemoViewController.swift */; };
		A13E26CF21BF82D4008CFD33 /* Main.storyboard in Resources */ = {isa = PBXBuildFile; fileRef = A13E26CD21BF82D4008CFD33 /* Main.storyboard */; };
		A13E26D121BF82D6008CFD33 /* Assets.xcassets in Resources */ = {isa = PBXBuildFile; fileRef = A13E26D021BF82D6008CFD33 /* Assets.xcassets */; };
		A13E26D421BF82D6008CFD33 /* LaunchScreen.storyboard in Resources */ = {isa = PBXBuildFile; fileRef = A13E26D221BF82D6008CFD33 /* LaunchScreen.storyboard */; };
		A13E26DC21BF841F008CFD33 /* uoit.mp4 in Resources */ = {isa = PBXBuildFile; fileRef = A13E26DB21BF841F008CFD33 /* uoit.mp4 */; };
		A13E26DE21BF842A008CFD33 /* dog.mov in Resources */ = {isa = PBXBuildFile; fileRef = A13E26DD21BF8429008CFD33 /* dog.mov */; };
		A13E26E021BF8441008CFD33 /* me.mov in Resources */ = {isa = PBXBuildFile; fileRef = A13E26DF21BF8441008CFD33 /* me.mov */; };
		A13E26EE21BF86F8008CFD33 /* AssetVideoScrollView.swift in Sources */ = {isa = PBXBuildFile; fileRef = A13E26E321BF86F8008CFD33 /* AssetVideoScrollView.swift */; };
		A13E26EF21BF86F8008CFD33 /* AVAssetTimeSelector.swift in Sources */ = {isa = PBXBuildFile; fileRef = A13E26E421BF86F8008CFD33 /* AVAssetTimeSelector.swift */; };
		A13E26F021BF86F8008CFD33 /* ThumbSelectorView.swift in Sources */ = {isa = PBXBuildFile; fileRef = A13E26E521BF86F8008CFD33 /* ThumbSelectorView.swift */; };
		A13E26F221BF86F8008CFD33 /* VideoCropView.swift in Sources */ = {isa = PBXBuildFile; fileRef = A13E26E821BF86F8008CFD33 /* VideoCropView.swift */; };
		A13E26F321BF86F8008CFD33 /* VideoScrollView.swift in Sources */ = {isa = PBXBuildFile; fileRef = A13E26E921BF86F8008CFD33 /* VideoScrollView.swift */; };
		A13E26F421BF86F8008CFD33 /* CropMaskView.swift in Sources */ = {isa = PBXBuildFile; fileRef = A13E26EA21BF86F8008CFD33 /* CropMaskView.swift */; };
		A13E26F521BF86F8008CFD33 /* HandlerView.swift in Sources */ = {isa = PBXBuildFile; fileRef = A13E26EC21BF86F8008CFD33 /* HandlerView.swift */; };
		A13E26F621BF86F8008CFD33 /* PryntTrimmerView.swift in Sources */ = {isa = PBXBuildFile; fileRef = A13E26ED21BF86F8008CFD33 /* PryntTrimmerView.swift */; };
		A13E26F821C02D47008CFD33 /* TrimmerView.swift in Sources */ = {isa = PBXBuildFile; fileRef = A13E26F721C02D47008CFD33 /* TrimmerView.swift */; };
		A13E26FC21C031C8008CFD33 /* FrameSectionController.swift in Sources */ = {isa = PBXBuildFile; fileRef = A13E26FB21C031C8008CFD33 /* FrameSectionController.swift */; };
		A13E26FE21C03227008CFD33 /* FrameCell.swift in Sources */ = {isa = PBXBuildFile; fileRef = A13E26FD21C03227008CFD33 /* FrameCell.swift */; };
		A13E270021C03478008CFD33 /* Frame.swift in Sources */ = {isa = PBXBuildFile; fileRef = A13E26FF21C03478008CFD33 /* Frame.swift */; };
/* End PBXBuildFile section */

/* Begin PBXFileReference section */
		90C0C44816D385A179BF5131 /* Pods_Trimmer.framework */ = {isa = PBXFileReference; explicitFileType = wrapper.framework; includeInIndex = 0; path = Pods_Trimmer.framework; sourceTree = BUILT_PRODUCTS_DIR; };
		A05C63D3152864C96396EA36 /* Pods-Trimmer.release.xcconfig */ = {isa = PBXFileReference; includeInIndex = 1; lastKnownFileType = text.xcconfig; name = "Pods-Trimmer.release.xcconfig"; path = "Target Support Files/Pods-Trimmer/Pods-Trimmer.release.xcconfig"; sourceTree = "<group>"; };
		A13E26C621BF82D4008CFD33 /* Trimmer.app */ = {isa = PBXFileReference; explicitFileType = wrapper.application; includeInIndex = 0; path = Trimmer.app; sourceTree = BUILT_PRODUCTS_DIR; };
		A13E26C921BF82D4008CFD33 /* AppDelegate.swift */ = {isa = PBXFileReference; lastKnownFileType = sourcecode.swift; path = AppDelegate.swift; sourceTree = "<group>"; };
		A13E26CB21BF82D4008CFD33 /* DemoViewController.swift */ = {isa = PBXFileReference; lastKnownFileType = sourcecode.swift; path = DemoViewController.swift; sourceTree = "<group>"; };
		A13E26CE21BF82D4008CFD33 /* Base */ = {isa = PBXFileReference; lastKnownFileType = file.storyboard; name = Base; path = Base.lproj/Main.storyboard; sourceTree = "<group>"; };
		A13E26D021BF82D6008CFD33 /* Assets.xcassets */ = {isa = PBXFileReference; lastKnownFileType = folder.assetcatalog; path = Assets.xcassets; sourceTree = "<group>"; };
		A13E26D321BF82D6008CFD33 /* Base */ = {isa = PBXFileReference; lastKnownFileType = file.storyboard; name = Base; path = Base.lproj/LaunchScreen.storyboard; sourceTree = "<group>"; };
		A13E26D521BF82D6008CFD33 /* Info.plist */ = {isa = PBXFileReference; lastKnownFileType = text.plist.xml; path = Info.plist; sourceTree = "<group>"; };
		A13E26DB21BF841F008CFD33 /* uoit.mp4 */ = {isa = PBXFileReference; lastKnownFileType = file; path = uoit.mp4; sourceTree = "<group>"; };
		A13E26DD21BF8429008CFD33 /* dog.mov */ = {isa = PBXFileReference; lastKnownFileType = video.quicktime; path = dog.mov; sourceTree = "<group>"; };
		A13E26DF21BF8441008CFD33 /* me.mov */ = {isa = PBXFileReference; lastKnownFileType = video.quicktime; path = me.mov; sourceTree = "<group>"; };
		A13E26E321BF86F8008CFD33 /* AssetVideoScrollView.swift */ = {isa = PBXFileReference; fileEncoding = 4; lastKnownFileType = sourcecode.swift; path = AssetVideoScrollView.swift; sourceTree = "<group>"; };
		A13E26E421BF86F8008CFD33 /* AVAssetTimeSelector.swift */ = {isa = PBXFileReference; fileEncoding = 4; lastKnownFileType = sourcecode.swift; path = AVAssetTimeSelector.swift; sourceTree = "<group>"; };
		A13E26E521BF86F8008CFD33 /* ThumbSelectorView.swift */ = {isa = PBXFileReference; fileEncoding = 4; lastKnownFileType = sourcecode.swift; path = ThumbSelectorView.swift; sourceTree = "<group>"; };
		A13E26E821BF86F8008CFD33 /* VideoCropView.swift */ = {isa = PBXFileReference; fileEncoding = 4; lastKnownFileType = sourcecode.swift; path = VideoCropView.swift; sourceTree = "<group>"; };
		A13E26E921BF86F8008CFD33 /* VideoScrollView.swift */ = {isa = PBXFileReference; fileEncoding = 4; lastKnownFileType = sourcecode.swift; path = VideoScrollView.swift; sourceTree = "<group>"; };
		A13E26EA21BF86F8008CFD33 /* CropMaskView.swift */ = {isa = PBXFileReference; fileEncoding = 4; lastKnownFileType = sourcecode.swift; path = CropMaskView.swift; sourceTree = "<group>"; };
		A13E26EC21BF86F8008CFD33 /* HandlerView.swift */ = {isa = PBXFileReference; fileEncoding = 4; lastKnownFileType = sourcecode.swift; path = HandlerView.swift; sourceTree = "<group>"; };
		A13E26ED21BF86F8008CFD33 /* PryntTrimmerView.swift */ = {isa = PBXFileReference; fileEncoding = 4; lastKnownFileType = sourcecode.swift; path = PryntTrimmerView.swift; sourceTree = "<group>"; };
		A13E26F721C02D47008CFD33 /* TrimmerView.swift */ = {isa = PBXFileReference; lastKnownFileType = sourcecode.swift; path = TrimmerView.swift; sourceTree = "<group>"; };
		A13E26FB21C031C8008CFD33 /* FrameSectionController.swift */ = {isa = PBXFileReference; lastKnownFileType = sourcecode.swift; path = FrameSectionController.swift; sourceTree = "<group>"; };
		A13E26FD21C03227008CFD33 /* FrameCell.swift */ = {isa = PBXFileReference; lastKnownFileType = sourcecode.swift; path = FrameCell.swift; sourceTree = "<group>"; };
		A13E26FF21C03478008CFD33 /* Frame.swift */ = {isa = PBXFileReference; lastKnownFileType = sourcecode.swift; path = Frame.swift; sourceTree = "<group>"; };
		BD393C1969243F0FCD6DB192 /* Pods-Trimmer.debug.xcconfig */ = {isa = PBXFileReference; includeInIndex = 1; lastKnownFileType = text.xcconfig; name = "Pods-Trimmer.debug.xcconfig"; path = "Target Support Files/Pods-Trimmer/Pods-Trimmer.debug.xcconfig"; sourceTree = "<group>"; };
/* End PBXFileReference section */

/* Begin PBXFrameworksBuildPhase section */
		A13E26C321BF82D4008CFD33 /* Frameworks */ = {
			isa = PBXFrameworksBuildPhase;
			buildActionMask = 2147483647;
			files = (
				7ADF6070ABE70291B7738218 /* Pods_Trimmer.framework in Frameworks */,
			);
			runOnlyForDeploymentPostprocessing = 0;
		};
/* End PBXFrameworksBuildPhase section */

/* Begin PBXGroup section */
		09202FFFDD69FC9DD1F01C63 /* Frameworks */ = {
			isa = PBXGroup;
			children = (
				90C0C44816D385A179BF5131 /* Pods_Trimmer.framework */,
			);
			name = Frameworks;
			sourceTree = "<group>";
		};
		A13E26BD21BF82D4008CFD33 = {
			isa = PBXGroup;
			children = (
				A13E26C821BF82D4008CFD33 /* Trimmer */,
				A13E26C721BF82D4008CFD33 /* Products */,
				BF38170C5A08C5DAE72DC97A /* Pods */,
				09202FFFDD69FC9DD1F01C63 /* Frameworks */,
			);
			sourceTree = "<group>";
		};
		A13E26C721BF82D4008CFD33 /* Products */ = {
			isa = PBXGroup;
			children = (
				A13E26C621BF82D4008CFD33 /* Trimmer.app */,
			);
			name = Products;
			sourceTree = "<group>";
		};
		A13E26C821BF82D4008CFD33 /* Trimmer */ = {
			isa = PBXGroup;
			children = (
				A13E26F921C02D82008CFD33 /* Videos */,
				A13E26E121BF86F8008CFD33 /* 3rd Party Libraries */,
				A13E26C921BF82D4008CFD33 /* AppDelegate.swift */,
				A13E26CB21BF82D4008CFD33 /* DemoViewController.swift */,
				A13E26FA21C030CA008CFD33 /* Trimmer */,
				A13E26CD21BF82D4008CFD33 /* Main.storyboard */,
				A13E26D021BF82D6008CFD33 /* Assets.xcassets */,
				A13E26D221BF82D6008CFD33 /* LaunchScreen.storyboard */,
				A13E26D521BF82D6008CFD33 /* Info.plist */,
			);
			path = Trimmer;
			sourceTree = "<group>";
		};
		A13E26E121BF86F8008CFD33 /* 3rd Party Libraries */ = {
			isa = PBXGroup;
			children = (
				A13E26E221BF86F8008CFD33 /* Parents */,
				A13E26E521BF86F8008CFD33 /* ThumbSelectorView.swift */,
				A13E26E721BF86F8008CFD33 /* Cropper */,
				A13E26EB21BF86F8008CFD33 /* Trimmer */,
			);
			path = "3rd Party Libraries";
			sourceTree = "<group>";
		};
		A13E26E221BF86F8008CFD33 /* Parents */ = {
			isa = PBXGroup;
			children = (
				A13E26E321BF86F8008CFD33 /* AssetVideoScrollView.swift */,
				A13E26E421BF86F8008CFD33 /* AVAssetTimeSelector.swift */,
			);
			path = Parents;
			sourceTree = "<group>";
		};
		A13E26E721BF86F8008CFD33 /* Cropper */ = {
			isa = PBXGroup;
			children = (
				A13E26E821BF86F8008CFD33 /* VideoCropView.swift */,
				A13E26E921BF86F8008CFD33 /* VideoScrollView.swift */,
				A13E26EA21BF86F8008CFD33 /* CropMaskView.swift */,
			);
			path = Cropper;
			sourceTree = "<group>";
		};
		A13E26EB21BF86F8008CFD33 /* Trimmer */ = {
			isa = PBXGroup;
			children = (
				A13E26EC21BF86F8008CFD33 /* HandlerView.swift */,
				A13E26ED21BF86F8008CFD33 /* PryntTrimmerView.swift */,
			);
			path = Trimmer;
			sourceTree = "<group>";
		};
		A13E26F921C02D82008CFD33 /* Videos */ = {
			isa = PBXGroup;
			children = (
				A13E26DF21BF8441008CFD33 /* me.mov */,
				A13E26DD21BF8429008CFD33 /* dog.mov */,
				A13E26DB21BF841F008CFD33 /* uoit.mp4 */,
			);
			path = Videos;
			sourceTree = "<group>";
		};
		A13E26FA21C030CA008CFD33 /* Trimmer */ = {
			isa = PBXGroup;
			children = (
				A13E26F721C02D47008CFD33 /* TrimmerView.swift */,
				A13E26FF21C03478008CFD33 /* Frame.swift */,
				A13E26FD21C03227008CFD33 /* FrameCell.swift */,
				A13E26FB21C031C8008CFD33 /* FrameSectionController.swift */,
			);
			path = Trimmer;
			sourceTree = "<group>";
		};
		BF38170C5A08C5DAE72DC97A /* Pods */ = {
			isa = PBXGroup;
			children = (
				BD393C1969243F0FCD6DB192 /* Pods-Trimmer.debug.xcconfig */,
				A05C63D3152864C96396EA36 /* Pods-Trimmer.release.xcconfig */,
			);
			path = Pods;
			sourceTree = "<group>";
		};
/* End PBXGroup section */

/* Begin PBXNativeTarget section */
		A13E26C521BF82D4008CFD33 /* Trimmer */ = {
			isa = PBXNativeTarget;
			buildConfigurationList = A13E26D821BF82D6008CFD33 /* Build configuration list for PBXNativeTarget "Trimmer" */;
			buildPhases = (
				4AB67C5460E13166103A839E /* [CP] Check Pods Manifest.lock */,
				A13E26C221BF82D4008CFD33 /* Sources */,
				A13E26C321BF82D4008CFD33 /* Frameworks */,
				A13E26C421BF82D4008CFD33 /* Resources */,
				AE622C86382C166478E2589D /* [CP] Embed Pods Frameworks */,
			);
			buildRules = (
			);
			dependencies = (
			);
			name = Trimmer;
			productName = Trimmer;
			productReference = A13E26C621BF82D4008CFD33 /* Trimmer.app */;
			productType = "com.apple.product-type.application";
		};
/* End PBXNativeTarget section */

/* Begin PBXProject section */
		A13E26BE21BF82D4008CFD33 /* Project object */ = {
			isa = PBXProject;
			attributes = {
				LastSwiftUpdateCheck = 1000;
				LastUpgradeCheck = 1000;
				ORGANIZATIONNAME = Capsule;
				TargetAttributes = {
					A13E26C521BF82D4008CFD33 = {
						CreatedOnToolsVersion = 10.0;
					};
				};
			};
			buildConfigurationList = A13E26C121BF82D4008CFD33 /* Build configuration list for PBXProject "Trimmer" */;
			compatibilityVersion = "Xcode 9.3";
			developmentRegion = en;
			hasScannedForEncodings = 0;
			knownRegions = (
				en,
				Base,
			);
			mainGroup = A13E26BD21BF82D4008CFD33;
			productRefGroup = A13E26C721BF82D4008CFD33 /* Products */;
			projectDirPath = "";
			projectRoot = "";
			targets = (
				A13E26C521BF82D4008CFD33 /* Trimmer */,
			);
		};
/* End PBXProject section */

/* Begin PBXResourcesBuildPhase section */
		A13E26C421BF82D4008CFD33 /* Resources */ = {
			isa = PBXResourcesBuildPhase;
			buildActionMask = 2147483647;
			files = (
				A13E26DC21BF841F008CFD33 /* uoit.mp4 in Resources */,
				A13E26D421BF82D6008CFD33 /* LaunchScreen.storyboard in Resources */,
				A13E26DE21BF842A008CFD33 /* dog.mov in Resources */,
				A13E26D121BF82D6008CFD33 /* Assets.xcassets in Resources */,
				A13E26E021BF8441008CFD33 /* me.mov in Resources */,
				A13E26CF21BF82D4008CFD33 /* Main.storyboard in Resources */,
			);
			runOnlyForDeploymentPostprocessing = 0;
		};
/* End PBXResourcesBuildPhase section */

/* Begin PBXShellScriptBuildPhase section */
		4AB67C5460E13166103A839E /* [CP] Check Pods Manifest.lock */ = {
			isa = PBXShellScriptBuildPhase;
			buildActionMask = 2147483647;
			files = (
			);
			inputFileListPaths = (
			);
			inputPaths = (
				"${PODS_PODFILE_DIR_PATH}/Podfile.lock",
				"${PODS_ROOT}/Manifest.lock",
			);
			name = "[CP] Check Pods Manifest.lock";
			outputFileListPaths = (
			);
			outputPaths = (
				"$(DERIVED_FILE_DIR)/Pods-Trimmer-checkManifestLockResult.txt",
			);
			runOnlyForDeploymentPostprocessing = 0;
			shellPath = /bin/sh;
			shellScript = "diff \"${PODS_PODFILE_DIR_PATH}/Podfile.lock\" \"${PODS_ROOT}/Manifest.lock\" > /dev/null\nif [ $? != 0 ] ; then\n    # print error to STDERR\n    echo \"error: The sandbox is not in sync with the Podfile.lock. Run 'pod install' or update your CocoaPods installation.\" >&2\n    exit 1\nfi\n# This output is used by Xcode 'outputs' to avoid re-running this script phase.\necho \"SUCCESS\" > \"${SCRIPT_OUTPUT_FILE_0}\"\n";
			showEnvVarsInLog = 0;
		};
		AE622C86382C166478E2589D /* [CP] Embed Pods Frameworks */ = {
			isa = PBXShellScriptBuildPhase;
			buildActionMask = 2147483647;
			files = (
			);
			inputFileListPaths = (
			);
			inputPaths = (
				"${PODS_ROOT}/Target Support Files/Pods-Trimmer/Pods-Trimmer-frameworks.sh",
				"${BUILT_PRODUCTS_DIR}/IGListKit/IGListKit.framework",
				"${BUILT_PRODUCTS_DIR}/SnapKit/SnapKit.framework",
			);
			name = "[CP] Embed Pods Frameworks";
			outputFileListPaths = (
			);
			outputPaths = (
				"${TARGET_BUILD_DIR}/${FRAMEWORKS_FOLDER_PATH}/IGListKit.framework",
				"${TARGET_BUILD_DIR}/${FRAMEWORKS_FOLDER_PATH}/SnapKit.framework",
			);
			runOnlyForDeploymentPostprocessing = 0;
			shellPath = /bin/sh;
			shellScript = "\"${PODS_ROOT}/Target Support Files/Pods-Trimmer/Pods-Trimmer-frameworks.sh\"\n";
			showEnvVarsInLog = 0;
		};
/* End PBXShellScriptBuildPhase section */

/* Begin PBXSourcesBuildPhase section */
		A13E26C221BF82D4008CFD33 /* Sources */ = {
			isa = PBXSourcesBuildPhase;
			buildActionMask = 2147483647;
			files = (
				A13E26F521BF86F8008CFD33 /* HandlerView.swift in Sources */,
				A13E26F621BF86F8008CFD33 /* PryntTrimmerView.swift in Sources */,
				A13E26FC21C031C8008CFD33 /* FrameSectionController.swift in Sources */,
				A13E26F421BF86F8008CFD33 /* CropMaskView.swift in Sources */,
				A13E26F321BF86F8008CFD33 /* VideoScrollView.swift in Sources */,
				A13E26CC21BF82D4008CFD33 /* DemoViewController.swift in Sources */,
				A13E26F021BF86F8008CFD33 /* ThumbSelectorView.swift in Sources */,
				A13E26FE21C03227008CFD33 /* FrameCell.swift in Sources */,
				A13E26CA21BF82D4008CFD33 /* AppDelegate.swift in Sources */,
				A13E26EE21BF86F8008CFD33 /* AssetVideoScrollView.swift in Sources */,
				A13E26F221BF86F8008CFD33 /* VideoCropView.swift in Sources */,
				A13E270021C03478008CFD33 /* Frame.swift in Sources */,
				A13E26EF21BF86F8008CFD33 /* AVAssetTimeSelector.swift in Sources */,
				A13E26F821C02D47008CFD33 /* TrimmerView.swift in Sources */,
			);
			runOnlyForDeploymentPostprocessing = 0;
		};
/* End PBXSourcesBuildPhase section */

/* Begin PBXVariantGroup section */
		A13E26CD21BF82D4008CFD33 /* Main.storyboard */ = {
			isa = PBXVariantGroup;
			children = (
				A13E26CE21BF82D4008CFD33 /* Base */,
			);
			name = Main.storyboard;
			sourceTree = "<group>";
		};
		A13E26D221BF82D6008CFD33 /* LaunchScreen.storyboard */ = {
			isa = PBXVariantGroup;
			children = (
				A13E26D321BF82D6008CFD33 /* Base */,
			);
			name = LaunchScreen.storyboard;
			sourceTree = "<group>";
		};
/* End PBXVariantGroup section */

/* Begin XCBuildConfiguration section */
		A13E26D621BF82D6008CFD33 /* Debug */ = {
			isa = XCBuildConfiguration;
			buildSettings = {
				ALWAYS_SEARCH_USER_PATHS = NO;
				CLANG_ANALYZER_NONNULL = YES;
				CLANG_ANALYZER_NUMBER_OBJECT_CONVERSION = YES_AGGRESSIVE;
				CLANG_CXX_LANGUAGE_STANDARD = "gnu++14";
				CLANG_CXX_LIBRARY = "libc++";
				CLANG_ENABLE_MODULES = YES;
				CLANG_ENABLE_OBJC_ARC = YES;
				CLANG_ENABLE_OBJC_WEAK = YES;
				CLANG_WARN_BLOCK_CAPTURE_AUTORELEASING = YES;
				CLANG_WARN_BOOL_CONVERSION = YES;
				CLANG_WARN_COMMA = YES;
				CLANG_WARN_CONSTANT_CONVERSION = YES;
				CLANG_WARN_DEPRECATED_OBJC_IMPLEMENTATIONS = YES;
				CLANG_WARN_DIRECT_OBJC_ISA_USAGE = YES_ERROR;
				CLANG_WARN_DOCUMENTATION_COMMENTS = YES;
				CLANG_WARN_EMPTY_BODY = YES;
				CLANG_WARN_ENUM_CONVERSION = YES;
				CLANG_WARN_INFINITE_RECURSION = YES;
				CLANG_WARN_INT_CONVERSION = YES;
				CLANG_WARN_NON_LITERAL_NULL_CONVERSION = YES;
				CLANG_WARN_OBJC_IMPLICIT_RETAIN_SELF = YES;
				CLANG_WARN_OBJC_LITERAL_CONVERSION = YES;
				CLANG_WARN_OBJC_ROOT_CLASS = YES_ERROR;
				CLANG_WARN_RANGE_LOOP_ANALYSIS = YES;
				CLANG_WARN_STRICT_PROTOTYPES = YES;
				CLANG_WARN_SUSPICIOUS_MOVE = YES;
				CLANG_WARN_UNGUARDED_AVAILABILITY = YES_AGGRESSIVE;
				CLANG_WARN_UNREACHABLE_CODE = YES;
				CLANG_WARN__DUPLICATE_METHOD_MATCH = YES;
				CODE_SIGN_IDENTITY = "iPhone Developer";
				COPY_PHASE_STRIP = NO;
				DEBUG_INFORMATION_FORMAT = dwarf;
				ENABLE_STRICT_OBJC_MSGSEND = YES;
				ENABLE_TESTABILITY = YES;
				GCC_C_LANGUAGE_STANDARD = gnu11;
				GCC_DYNAMIC_NO_PIC = NO;
				GCC_NO_COMMON_BLOCKS = YES;
				GCC_OPTIMIZATION_LEVEL = 0;
				GCC_PREPROCESSOR_DEFINITIONS = (
					"DEBUG=1",
					"$(inherited)",
				);
				GCC_WARN_64_TO_32_BIT_CONVERSION = YES;
				GCC_WARN_ABOUT_RETURN_TYPE = YES_ERROR;
				GCC_WARN_UNDECLARED_SELECTOR = YES;
				GCC_WARN_UNINITIALIZED_AUTOS = YES_AGGRESSIVE;
				GCC_WARN_UNUSED_FUNCTION = YES;
				GCC_WARN_UNUSED_VARIABLE = YES;
				IPHONEOS_DEPLOYMENT_TARGET = 12.0;
				MTL_ENABLE_DEBUG_INFO = INCLUDE_SOURCE;
				MTL_FAST_MATH = YES;
				ONLY_ACTIVE_ARCH = YES;
				SDKROOT = iphoneos;
				SWIFT_ACTIVE_COMPILATION_CONDITIONS = DEBUG;
				SWIFT_OPTIMIZATION_LEVEL = "-Onone";
			};
			name = Debug;
		};
		A13E26D721BF82D6008CFD33 /* Release */ = {
			isa = XCBuildConfiguration;
			buildSettings = {
				ALWAYS_SEARCH_USER_PATHS = NO;
				CLANG_ANALYZER_NONNULL = YES;
				CLANG_ANALYZER_NUMBER_OBJECT_CONVERSION = YES_AGGRESSIVE;
				CLANG_CXX_LANGUAGE_STANDARD = "gnu++14";
				CLANG_CXX_LIBRARY = "libc++";
				CLANG_ENABLE_MODULES = YES;
				CLANG_ENABLE_OBJC_ARC = YES;
				CLANG_ENABLE_OBJC_WEAK = YES;
				CLANG_WARN_BLOCK_CAPTURE_AUTORELEASING = YES;
				CLANG_WARN_BOOL_CONVERSION = YES;
				CLANG_WARN_COMMA = YES;
				CLANG_WARN_CONSTANT_CONVERSION = YES;
				CLANG_WARN_DEPRECATED_OBJC_IMPLEMENTATIONS = YES;
				CLANG_WARN_DIRECT_OBJC_ISA_USAGE = YES_ERROR;
				CLANG_WARN_DOCUMENTATION_COMMENTS = YES;
				CLANG_WARN_EMPTY_BODY = YES;
				CLANG_WARN_ENUM_CONVERSION = YES;
				CLANG_WARN_INFINITE_RECURSION = YES;
				CLANG_WARN_INT_CONVERSION = YES;
				CLANG_WARN_NON_LITERAL_NULL_CONVERSION = YES;
				CLANG_WARN_OBJC_IMPLICIT_RETAIN_SELF = YES;
				CLANG_WARN_OBJC_LITERAL_CONVERSION = YES;
				CLANG_WARN_OBJC_ROOT_CLASS = YES_ERROR;
				CLANG_WARN_RANGE_LOOP_ANALYSIS = YES;
				CLANG_WARN_STRICT_PROTOTYPES = YES;
				CLANG_WARN_SUSPICIOUS_MOVE = YES;
				CLANG_WARN_UNGUARDED_AVAILABILITY = YES_AGGRESSIVE;
				CLANG_WARN_UNREACHABLE_CODE = YES;
				CLANG_WARN__DUPLICATE_METHOD_MATCH = YES;
				CODE_SIGN_IDENTITY = "iPhone Developer";
				COPY_PHASE_STRIP = NO;
				DEBUG_INFORMATION_FORMAT = "dwarf-with-dsym";
				ENABLE_NS_ASSERTIONS = NO;
				ENABLE_STRICT_OBJC_MSGSEND = YES;
				GCC_C_LANGUAGE_STANDARD = gnu11;
				GCC_NO_COMMON_BLOCKS = YES;
				GCC_WARN_64_TO_32_BIT_CONVERSION = YES;
				GCC_WARN_ABOUT_RETURN_TYPE = YES_ERROR;
				GCC_WARN_UNDECLARED_SELECTOR = YES;
				GCC_WARN_UNINITIALIZED_AUTOS = YES_AGGRESSIVE;
				GCC_WARN_UNUSED_FUNCTION = YES;
				GCC_WARN_UNUSED_VARIABLE = YES;
				IPHONEOS_DEPLOYMENT_TARGET = 12.0;
				MTL_ENABLE_DEBUG_INFO = NO;
				MTL_FAST_MATH = YES;
				SDKROOT = iphoneos;
				SWIFT_COMPILATION_MODE = wholemodule;
				SWIFT_OPTIMIZATION_LEVEL = "-O";
				VALIDATE_PRODUCT = YES;
			};
			name = Release;
		};
		A13E26D921BF82D6008CFD33 /* Debug */ = {
			isa = XCBuildConfiguration;
			baseConfigurationReference = BD393C1969243F0FCD6DB192 /* Pods-Trimmer.debug.xcconfig */;
			buildSettings = {
				ASSETCATALOG_COMPILER_APPICON_NAME = AppIcon;
				CODE_SIGN_STYLE = Automatic;
				DEVELOPMENT_TEAM = 26TV24DK6Z;
				INFOPLIST_FILE = Trimmer/Info.plist;
				LD_RUNPATH_SEARCH_PATHS = (
					"$(inherited)",
					"@executable_path/Frameworks",
				);
				PRODUCT_BUNDLE_IDENTIFIER = com.NewCapsuleCorp.Trimmer;
				PRODUCT_NAME = "$(TARGET_NAME)";
				SWIFT_VERSION = 4.2;
				TARGETED_DEVICE_FAMILY = "1,2";
			};
			name = Debug;
		};
		A13E26DA21BF82D6008CFD33 /* Release */ = {
			isa = XCBuildConfiguration;
			baseConfigurationReference = A05C63D3152864C96396EA36 /* Pods-Trimmer.release.xcconfig */;
			buildSettings = {
				ASSETCATALOG_COMPILER_APPICON_NAME = AppIcon;
				CODE_SIGN_STYLE = Automatic;
				DEVELOPMENT_TEAM = 26TV24DK6Z;
				INFOPLIST_FILE = Trimmer/Info.plist;
				LD_RUNPATH_SEARCH_PATHS = (
					"$(inherited)",
					"@executable_path/Frameworks",
				);
				PRODUCT_BUNDLE_IDENTIFIER = com.NewCapsuleCorp.Trimmer;
				PRODUCT_NAME = "$(TARGET_NAME)";
				SWIFT_VERSION = 4.2;
				TARGETED_DEVICE_FAMILY = "1,2";
			};
			name = Release;
		};
/* End XCBuildConfiguration section */

/* Begin XCConfigurationList section */
		A13E26C121BF82D4008CFD33 /* Build configuration list for PBXProject "Trimmer" */ = {
			isa = XCConfigurationList;
			buildConfigurations = (
				A13E26D621BF82D6008CFD33 /* Debug */,
				A13E26D721BF82D6008CFD33 /* Release */,
			);
			defaultConfigurationIsVisible = 0;
			defaultConfigurationName = Release;
		};
		A13E26D821BF82D6008CFD33 /* Build configuration list for PBXNativeTarget "Trimmer" */ = {
			isa = XCConfigurationList;
			buildConfigurations = (
				A13E26D921BF82D6008CFD33 /* Debug */,
				A13E26DA21BF82D6008CFD33 /* Release */,
			);
			defaultConfigurationIsVisible = 0;
			defaultConfigurationName = Release;
		};
/* End XCConfigurationList section */
	};
	rootObject = A13E26BE21BF82D4008CFD33 /* Project object */;
}
